
Microsoft Visual Studio Solution File, Format Version 12.00
# Visual Studio Version 17
VisualStudioVersion = 17.14.36811.4 d17.14
MinimumVisualStudioVersion = 10.0.40219.1
Project("{FAE04EC0-301F-11D3-BF4B-00C04F79EFBC}") = "exerciceEFAdresse", "exerciceEFAdresse\exerciceEFAdresse.csproj", "{05361907-2AFD-448A-B335-DB9F591D4C60}"
EndProject
Global
	GlobalSection(SolutionConfigurationPlatforms) = preSolution
		Debug|Any CPU = Debug|Any CPU
		Release|Any CPU = Release|Any CPU
	EndGlobalSection
	GlobalSection(ProjectConfigurationPlatforms) = postSolution
		{05361907-2AFD-448A-B335-DB9F591D4C60}.Debug|Any CPU.ActiveCfg = Debug|Any CPU
		{05361907-2AFD-448A-B335-DB9F591D4C60}.Debug|Any CPU.Build.0 = Debug|Any CPU
		{05361907-2AFD-448A-B335-DB9F591D4C60}.Release|Any CPU.ActiveCfg = Release|Any CPU
		{05361907-2AFD-448A-B335-DB9F591D4C60}.Release|Any CPU.Build.0 = Release|Any CPU
	EndGlobalSection
	GlobalSection(SolutionProperties) = preSolution
		HideSolutionNode = FALSE
	EndGlobalSection
	GlobalSection(ExtensibilityGlobals) = postSolution
		SolutionGuid = {5B48CD7E-B801-43FB-A92B-031619A90705}
	EndGlobalSection
EndGlobal
