
Microsoft Visual Studio Solution File, Format Version 12.00
# Visual Studio Version 17
VisualStudioVersion = 17.14.36811.4 d17.14
MinimumVisualStudioVersion = 10.0.40219.1
Project("{FAE04EC0-301F-11D3-BF4B-00C04F79EFBC}") = "Exercice3", "Exercice3\Exercice3.csproj", "{8D528E24-D60E-02EC-D9D4-004233768FED}"
EndProject
Global
	GlobalSection(SolutionConfigurationPlatforms) = preSolution
		Debug|Any CPU = Debug|Any CPU
		Release|Any CPU = Release|Any CPU
	EndGlobalSection
	GlobalSection(ProjectConfigurationPlatforms) = postSolution
		{8D528E24-D60E-02EC-D9D4-004233768FED}.Debug|Any CPU.ActiveCfg = Debug|Any CPU
		{8D528E24-D60E-02EC-D9D4-004233768FED}.Debug|Any CPU.Build.0 = Debug|Any CPU
		{8D528E24-D60E-02EC-D9D4-004233768FED}.Release|Any CPU.ActiveCfg = Release|Any CPU
		{8D528E24-D60E-02EC-D9D4-004233768FED}.Release|Any CPU.Build.0 = Release|Any CPU
	EndGlobalSection
	GlobalSection(SolutionProperties) = preSolution
		HideSolutionNode = FALSE
	EndGlobalSection
	GlobalSection(ExtensibilityGlobals) = postSolution
		SolutionGuid = {DD2B4119-F730-4A20-A9B7-0A2B4F454CBA}
	EndGlobalSection
EndGlobal
