
Microsoft Visual Studio Solution File, Format Version 12.00
# Visual Studio Version 17
VisualStudioVersion = 17.14.36811.4 d17.14
MinimumVisualStudioVersion = 10.0.40219.1
Project("{FAE04EC0-301F-11D3-BF4B-00C04F79EFBC}") = "exo1 chiens", "exo1 chiens\exo1 chiens.csproj", "{DACF5428-85B6-4AC6-B779-CF4890BC3728}"
EndProject
Global
	GlobalSection(SolutionConfigurationPlatforms) = preSolution
		Debug|Any CPU = Debug|Any CPU
		Release|Any CPU = Release|Any CPU
	EndGlobalSection
	GlobalSection(ProjectConfigurationPlatforms) = postSolution
		{DACF5428-85B6-4AC6-B779-CF4890BC3728}.Debug|Any CPU.ActiveCfg = Debug|Any CPU
		{DACF5428-85B6-4AC6-B779-CF4890BC3728}.Debug|Any CPU.Build.0 = Debug|Any CPU
		{DACF5428-85B6-4AC6-B779-CF4890BC3728}.Release|Any CPU.ActiveCfg = Release|Any CPU
		{DACF5428-85B6-4AC6-B779-CF4890BC3728}.Release|Any CPU.Build.0 = Release|Any CPU
	EndGlobalSection
	GlobalSection(SolutionProperties) = preSolution
		HideSolutionNode = FALSE
	EndGlobalSection
	GlobalSection(ExtensibilityGlobals) = postSolution
		SolutionGuid = {95CC6C11-DDD2-4751-93DA-C6DBBFDF6335}
	EndGlobalSection
EndGlobal
