
Microsoft Visual Studio Solution File, Format Version 12.00
# Visual Studio Version 17
VisualStudioVersion = 17.14.36811.4 d17.14
MinimumVisualStudioVersion = 10.0.40219.1
Project("{FAE04EC0-301F-11D3-BF4B-00C04F79EFBC}") = "Exercice 14", "Exercice 14\Exercice 14.csproj", "{869FA0C6-F3E2-45C5-BC4B-3B9808083625}"
EndProject
Global
	GlobalSection(SolutionConfigurationPlatforms) = preSolution
		Debug|Any CPU = Debug|Any CPU
		Release|Any CPU = Release|Any CPU
	EndGlobalSection
	GlobalSection(ProjectConfigurationPlatforms) = postSolution
		{869FA0C6-F3E2-45C5-BC4B-3B9808083625}.Debug|Any CPU.ActiveCfg = Debug|Any CPU
		{869FA0C6-F3E2-45C5-BC4B-3B9808083625}.Debug|Any CPU.Build.0 = Debug|Any CPU
		{869FA0C6-F3E2-45C5-BC4B-3B9808083625}.Release|Any CPU.ActiveCfg = Release|Any CPU
		{869FA0C6-F3E2-45C5-BC4B-3B9808083625}.Release|Any CPU.Build.0 = Release|Any CPU
	EndGlobalSection
	GlobalSection(SolutionProperties) = preSolution
		HideSolutionNode = FALSE
	EndGlobalSection
	GlobalSection(ExtensibilityGlobals) = postSolution
		SolutionGuid = {4AF048AE-9A0A-46A0-B906-E8C1DD764AB4}
	EndGlobalSection
EndGlobal
