
Microsoft Visual Studio Solution File, Format Version 12.00
# Visual Studio Version 17
VisualStudioVersion = 17.14.36811.4 d17.14
MinimumVisualStudioVersion = 10.0.40219.1
Project("{FAE04EC0-301F-11D3-BF4B-00C04F79EFBC}") = "Exercice3", "Personnage\Exercice3.csproj", "{4001CE40-D28D-4106-9FA9-2B0090F8AA1F}"
EndProject
Global
	GlobalSection(SolutionConfigurationPlatforms) = preSolution
		Debug|Any CPU = Debug|Any CPU
		Release|Any CPU = Release|Any CPU
	EndGlobalSection
	GlobalSection(ProjectConfigurationPlatforms) = postSolution
		{4001CE40-D28D-4106-9FA9-2B0090F8AA1F}.Debug|Any CPU.ActiveCfg = Debug|Any CPU
		{4001CE40-D28D-4106-9FA9-2B0090F8AA1F}.Debug|Any CPU.Build.0 = Debug|Any CPU
		{4001CE40-D28D-4106-9FA9-2B0090F8AA1F}.Release|Any CPU.ActiveCfg = Release|Any CPU
		{4001CE40-D28D-4106-9FA9-2B0090F8AA1F}.Release|Any CPU.Build.0 = Release|Any CPU
	EndGlobalSection
	GlobalSection(SolutionProperties) = preSolution
		HideSolutionNode = FALSE
	EndGlobalSection
	GlobalSection(ExtensibilityGlobals) = postSolution
		SolutionGuid = {D08F21D7-2633-474D-9D72-1D45023E9285}
	EndGlobalSection
EndGlobal
