
Microsoft Visual Studio Solution File, Format Version 12.00
# Visual Studio Version 17
VisualStudioVersion = 17.14.36811.4 d17.14
MinimumVisualStudioVersion = 10.0.40219.1
Project("{FAE04EC0-301F-11D3-BF4B-00C04F79EFBC}") = "exo poo", "exo poo\exo poo.csproj", "{DB811B0C-FDE7-43FF-B101-F84C87E316C9}"
EndProject
Global
	GlobalSection(SolutionConfigurationPlatforms) = preSolution
		Debug|Any CPU = Debug|Any CPU
		Release|Any CPU = Release|Any CPU
	EndGlobalSection
	GlobalSection(ProjectConfigurationPlatforms) = postSolution
		{DB811B0C-FDE7-43FF-B101-F84C87E316C9}.Debug|Any CPU.ActiveCfg = Debug|Any CPU
		{DB811B0C-FDE7-43FF-B101-F84C87E316C9}.Debug|Any CPU.Build.0 = Debug|Any CPU
		{DB811B0C-FDE7-43FF-B101-F84C87E316C9}.Release|Any CPU.ActiveCfg = Release|Any CPU
		{DB811B0C-FDE7-43FF-B101-F84C87E316C9}.Release|Any CPU.Build.0 = Release|Any CPU
	EndGlobalSection
	GlobalSection(SolutionProperties) = preSolution
		HideSolutionNode = FALSE
	EndGlobalSection
	GlobalSection(ExtensibilityGlobals) = postSolution
		SolutionGuid = {85C24D0C-21CC-4604-A53D-DCA1D734D60C}
	EndGlobalSection
EndGlobal
