
Microsoft Visual Studio Solution File, Format Version 12.00
# Visual Studio Version 17
VisualStudioVersion = 17.14.36811.4 d17.14
MinimumVisualStudioVersion = 10.0.40219.1
Project("{FAE04EC0-301F-11D3-BF4B-00C04F79EFBC}") = "exercice 17 temperature", "exercice 17 temperature\exercice 17 temperature.csproj", "{ADF2E7F2-9B7B-4902-B865-3F22B7F3DB1A}"
EndProject
Global
	GlobalSection(SolutionConfigurationPlatforms) = preSolution
		Debug|Any CPU = Debug|Any CPU
		Release|Any CPU = Release|Any CPU
	EndGlobalSection
	GlobalSection(ProjectConfigurationPlatforms) = postSolution
		{ADF2E7F2-9B7B-4902-B865-3F22B7F3DB1A}.Debug|Any CPU.ActiveCfg = Debug|Any CPU
		{ADF2E7F2-9B7B-4902-B865-3F22B7F3DB1A}.Debug|Any CPU.Build.0 = Debug|Any CPU
		{ADF2E7F2-9B7B-4902-B865-3F22B7F3DB1A}.Release|Any CPU.ActiveCfg = Release|Any CPU
		{ADF2E7F2-9B7B-4902-B865-3F22B7F3DB1A}.Release|Any CPU.Build.0 = Release|Any CPU
	EndGlobalSection
	GlobalSection(SolutionProperties) = preSolution
		HideSolutionNode = FALSE
	EndGlobalSection
	GlobalSection(ExtensibilityGlobals) = postSolution
		SolutionGuid = {3525986B-7B12-4E08-AA1A-9286460583EA}
	EndGlobalSection
EndGlobal
