
Microsoft Visual Studio Solution File, Format Version 12.00
# Visual Studio Version 17
VisualStudioVersion = 17.14.36811.4 d17.14
MinimumVisualStudioVersion = 10.0.40219.1
Project("{FAE04EC0-301F-11D3-BF4B-00C04F79EFBC}") = "exercice Figure", "exercice Figure\exercice Figure.csproj", "{3FF28B98-2F9F-4344-ABF7-063B361F1E2C}"
EndProject
Global
	GlobalSection(SolutionConfigurationPlatforms) = preSolution
		Debug|Any CPU = Debug|Any CPU
		Release|Any CPU = Release|Any CPU
	EndGlobalSection
	GlobalSection(ProjectConfigurationPlatforms) = postSolution
		{3FF28B98-2F9F-4344-ABF7-063B361F1E2C}.Debug|Any CPU.ActiveCfg = Debug|Any CPU
		{3FF28B98-2F9F-4344-ABF7-063B361F1E2C}.Debug|Any CPU.Build.0 = Debug|Any CPU
		{3FF28B98-2F9F-4344-ABF7-063B361F1E2C}.Release|Any CPU.ActiveCfg = Release|Any CPU
		{3FF28B98-2F9F-4344-ABF7-063B361F1E2C}.Release|Any CPU.Build.0 = Release|Any CPU
	EndGlobalSection
	GlobalSection(SolutionProperties) = preSolution
		HideSolutionNode = FALSE
	EndGlobalSection
	GlobalSection(ExtensibilityGlobals) = postSolution
		SolutionGuid = {F0BE931F-04C8-4CF3-923D-FE180A18A2FE}
	EndGlobalSection
EndGlobal
